// !$*UTF8*$!
{
	archiveVersion = 1;
	classes = {
	};
	objectVersion = 56;
	objects = {

/* Begin PBXBuildFile section */
		CD2DEE7A2971B4AC00E4A22E /* ProfileViewController.swift in Sources */ = {isa = PBXBuildFile; fileRef = CD2DEE792971B4AC00E4A22E /* ProfileViewController.swift */; };
		CD6563F32973DFA600E3EE3A /* TableViewCell.swift in Sources */ = {isa = PBXBuildFile; fileRef = CD6563F22973DFA600E3EE3A /* TableViewCell.swift */; };
		CD6563F52973DFD400E3EE3A /* TableViewController.swift in Sources */ = {isa = PBXBuildFile; fileRef = CD6563F42973DFD400E3EE3A /* TableViewController.swift */; };
		CD6563F72973E05900E3EE3A /* TableViewDetail.swift in Sources */ = {isa = PBXBuildFile; fileRef = CD6563F62973E05900E3EE3A /* TableViewDetail.swift */; };
		CD6563F92973E0A800E3EE3A /* Opportunity.swift in Sources */ = {isa = PBXBuildFile; fileRef = CD6563F82973E0A800E3EE3A /* Opportunity.swift */; };
		CD727064297962AB0013DB3B /* CardView.swift in Sources */ = {isa = PBXBuildFile; fileRef = CD727063297962AB0013DB3B /* CardView.swift */; };
		CD7270662979922C0013DB3B /* StemForGoodViewController.swift in Sources */ = {isa = PBXBuildFile; fileRef = CD7270652979922C0013DB3B /* StemForGoodViewController.swift */; };
		CD72706829799B0D0013DB3B /* TechTipsViewController.swift in Sources */ = {isa = PBXBuildFile; fileRef = CD72706729799B0D0013DB3B /* TechTipsViewController.swift */; };
		CD72706A29799C370013DB3B /* CareerChatViewController.swift in Sources */ = {isa = PBXBuildFile; fileRef = CD72706929799C370013DB3B /* CareerChatViewController.swift */; };
		CD7A1F3F2976CCBE0021855B /* QuestionViewController.swift in Sources */ = {isa = PBXBuildFile; fileRef = CD7A1F3E2976CCBE0021855B /* QuestionViewController.swift */; };
		CD7A1F412976CCD40021855B /* ResultsViewController.swift in Sources */ = {isa = PBXBuildFile; fileRef = CD7A1F402976CCD40021855B /* ResultsViewController.swift */; };
		CD7A1F432976CCFA0021855B /* IntroductionViewController.swift in Sources */ = {isa = PBXBuildFile; fileRef = CD7A1F422976CCFA0021855B /* IntroductionViewController.swift */; };
		CD7A1F452976DB940021855B /* QuestionData.swift in Sources */ = {isa = PBXBuildFile; fileRef = CD7A1F442976DB940021855B /* QuestionData.swift */; };
		CDC01D3B296DC0A100EE4D6C /* AppDelegate.swift in Sources */ = {isa = PBXBuildFile; fileRef = CDC01D3A296DC0A100EE4D6C /* AppDelegate.swift */; };
		CDC01D3D296DC0A100EE4D6C /* SceneDelegate.swift in Sources */ = {isa = PBXBuildFile; fileRef = CDC01D3C296DC0A100EE4D6C /* SceneDelegate.swift */; };
		CDC01D3F296DC0A100EE4D6C /* ViewController.swift in Sources */ = {isa = PBXBuildFile; fileRef = CDC01D3E296DC0A100EE4D6C /* ViewController.swift */; };
		CDC01D42296DC0A100EE4D6C /* Main.storyboard in Resources */ = {isa = PBXBuildFile; fileRef = CDC01D40296DC0A100EE4D6C /* Main.storyboard */; };
		CDC01D45296DC0A100EE4D6C /* HERpedia_8_0.xcdatamodeld in Sources */ = {isa = PBXBuildFile; fileRef = CDC01D43296DC0A100EE4D6C /* HERpedia_8_0.xcdatamodeld */; };
		CDC01D47296DC0A400EE4D6C /* Assets.xcassets in Resources */ = {isa = PBXBuildFile; fileRef = CDC01D46296DC0A400EE4D6C /* Assets.xcassets */; };
		CDC01D4A296DC0A400EE4D6C /* LaunchScreen.storyboard in Resources */ = {isa = PBXBuildFile; fileRef = CDC01D48296DC0A400EE4D6C /* LaunchScreen.storyboard */; };
		CDC01D56296DD75D00EE4D6C /* OnboardingViewController.swift in Sources */ = {isa = PBXBuildFile; fileRef = CDC01D55296DD75D00EE4D6C /* OnboardingViewController.swift */; };
		CDC01D59296DDD0D00EE4D6C /* UIView+Extension.swift in Sources */ = {isa = PBXBuildFile; fileRef = CDC01D58296DDD0D00EE4D6C /* UIView+Extension.swift */; };
		CDC01D5B296DDDD900EE4D6C /* OnboardingSlide.swift in Sources */ = {isa = PBXBuildFile; fileRef = CDC01D5A296DDDD900EE4D6C /* OnboardingSlide.swift */; };
		CDC01D5D296DE20700EE4D6C /* OnboardingCollectionViewCell.swift in Sources */ = {isa = PBXBuildFile; fileRef = CDC01D5C296DE20700EE4D6C /* OnboardingCollectionViewCell.swift */; };
		CDC01D60296E418800EE4D6C /* LoginViewController.swift in Sources */ = {isa = PBXBuildFile; fileRef = CDC01D5F296E418800EE4D6C /* LoginViewController.swift */; };
		CDC01D62296E419500EE4D6C /* CreateAccountViewController.swift in Sources */ = {isa = PBXBuildFile; fileRef = CDC01D61296E419500EE4D6C /* CreateAccountViewController.swift */; };
		CDC01D66296E45EA00EE4D6C /* GoogleService-Info.plist in Resources */ = {isa = PBXBuildFile; fileRef = CDC01D65296E45EA00EE4D6C /* GoogleService-Info.plist */; };
		CDC01D69296E467E00EE4D6C /* FirebaseAuth in Frameworks */ = {isa = PBXBuildFile; productRef = CDC01D68296E467E00EE4D6C /* FirebaseAuth */; };
		CDC01D6C296E4CB100EE4D6C /* Discover.storyboard in Resources */ = {isa = PBXBuildFile; fileRef = CDC01D6B296E4CB100EE4D6C /* Discover.storyboard */; };
		CDC01D71296E776600EE4D6C /* Resource.storyboard in Resources */ = {isa = PBXBuildFile; fileRef = CDC01D70296E776600EE4D6C /* Resource.storyboard */; };
		CDC01D73296E777B00EE4D6C /* Message.storyboard in Resources */ = {isa = PBXBuildFile; fileRef = CDC01D72296E777B00EE4D6C /* Message.storyboard */; };
		CDC01D75296E778F00EE4D6C /* Profile.storyboard in Resources */ = {isa = PBXBuildFile; fileRef = CDC01D74296E778E00EE4D6C /* Profile.storyboard */; };
		CDF049D3297487D700379B8A /* BlogViewController.swift in Sources */ = {isa = PBXBuildFile; fileRef = CDF049D2297487D700379B8A /* BlogViewController.swift */; };
/* End PBXBuildFile section */

/* Begin PBXFileReference section */
		CD2DEE792971B4AC00E4A22E /* ProfileViewController.swift */ = {isa = PBXFileReference; lastKnownFileType = sourcecode.swift; path = ProfileViewController.swift; sourceTree = "<group>"; };
		CD6563F22973DFA600E3EE3A /* TableViewCell.swift */ = {isa = PBXFileReference; lastKnownFileType = sourcecode.swift; path = TableViewCell.swift; sourceTree = "<group>"; };
		CD6563F42973DFD400E3EE3A /* TableViewController.swift */ = {isa = PBXFileReference; lastKnownFileType = sourcecode.swift; path = TableViewController.swift; sourceTree = "<group>"; };
		CD6563F62973E05900E3EE3A /* TableViewDetail.swift */ = {isa = PBXFileReference; lastKnownFileType = sourcecode.swift; path = TableViewDetail.swift; sourceTree = "<group>"; };
		CD6563F82973E0A800E3EE3A /* Opportunity.swift */ = {isa = PBXFileReference; lastKnownFileType = sourcecode.swift; path = Opportunity.swift; sourceTree = "<group>"; };
		CD727063297962AB0013DB3B /* CardView.swift */ = {isa = PBXFileReference; lastKnownFileType = sourcecode.swift; path = CardView.swift; sourceTree = "<group>"; };
		CD7270652979922C0013DB3B /* StemForGoodViewController.swift */ = {isa = PBXFileReference; lastKnownFileType = sourcecode.swift; path = StemForGoodViewController.swift; sourceTree = "<group>"; };
		CD72706729799B0D0013DB3B /* TechTipsViewController.swift */ = {isa = PBXFileReference; lastKnownFileType = sourcecode.swift; path = TechTipsViewController.swift; sourceTree = "<group>"; };
		CD72706929799C370013DB3B /* CareerChatViewController.swift */ = {isa = PBXFileReference; lastKnownFileType = sourcecode.swift; path = CareerChatViewController.swift; sourceTree = "<group>"; };
		CD7A1F3E2976CCBE0021855B /* QuestionViewController.swift */ = {isa = PBXFileReference; lastKnownFileType = sourcecode.swift; path = QuestionViewController.swift; sourceTree = "<group>"; };
		CD7A1F402976CCD40021855B /* ResultsViewController.swift */ = {isa = PBXFileReference; lastKnownFileType = sourcecode.swift; path = ResultsViewController.swift; sourceTree = "<group>"; };
		CD7A1F422976CCFA0021855B /* IntroductionViewController.swift */ = {isa = PBXFileReference; lastKnownFileType = sourcecode.swift; path = IntroductionViewController.swift; sourceTree = "<group>"; };
		CD7A1F442976DB940021855B /* QuestionData.swift */ = {isa = PBXFileReference; lastKnownFileType = sourcecode.swift; path = QuestionData.swift; sourceTree = "<group>"; };
		CDC01D37296DC0A100EE4D6C /* HERpedia 8.0.app */ = {isa = PBXFileReference; explicitFileType = wrapper.application; includeInIndex = 0; path = "HERpedia 8.0.app"; sourceTree = BUILT_PRODUCTS_DIR; };
		CDC01D3A296DC0A100EE4D6C /* AppDelegate.swift */ = {isa = PBXFileReference; lastKnownFileType = sourcecode.swift; path = AppDelegate.swift; sourceTree = "<group>"; };
		CDC01D3C296DC0A100EE4D6C /* SceneDelegate.swift */ = {isa = PBXFileReference; lastKnownFileType = sourcecode.swift; path = SceneDelegate.swift; sourceTree = "<group>"; };
		CDC01D3E296DC0A100EE4D6C /* ViewController.swift */ = {isa = PBXFileReference; lastKnownFileType = sourcecode.swift; path = ViewController.swift; sourceTree = "<group>"; };
		CDC01D41296DC0A100EE4D6C /* Base */ = {isa = PBXFileReference; lastKnownFileType = file.storyboard; name = Base; path = Base.lproj/Main.storyboard; sourceTree = "<group>"; };
		CDC01D44296DC0A100EE4D6C /* HERpedia_8_0.xcdatamodel */ = {isa = PBXFileReference; lastKnownFileType = wrapper.xcdatamodel; path = HERpedia_8_0.xcdatamodel; sourceTree = "<group>"; };
		CDC01D46296DC0A400EE4D6C /* Assets.xcassets */ = {isa = PBXFileReference; lastKnownFileType = folder.assetcatalog; path = Assets.xcassets; sourceTree = "<group>"; };
		CDC01D49296DC0A400EE4D6C /* Base */ = {isa = PBXFileReference; lastKnownFileType = file.storyboard; name = Base; path = Base.lproj/LaunchScreen.storyboard; sourceTree = "<group>"; };
		CDC01D4B296DC0A400EE4D6C /* Info.plist */ = {isa = PBXFileReference; lastKnownFileType = text.plist.xml; path = Info.plist; sourceTree = "<group>"; };
		CDC01D55296DD75D00EE4D6C /* OnboardingViewController.swift */ = {isa = PBXFileReference; lastKnownFileType = sourcecode.swift; path = OnboardingViewController.swift; sourceTree = "<group>"; };
		CDC01D58296DDD0D00EE4D6C /* UIView+Extension.swift */ = {isa = PBXFileReference; lastKnownFileType = sourcecode.swift; path = "UIView+Extension.swift"; sourceTree = "<group>"; };
		CDC01D5A296DDDD900EE4D6C /* OnboardingSlide.swift */ = {isa = PBXFileReference; lastKnownFileType = sourcecode.swift; path = OnboardingSlide.swift; sourceTree = "<group>"; };
		CDC01D5C296DE20700EE4D6C /* OnboardingCollectionViewCell.swift */ = {isa = PBXFileReference; lastKnownFileType = sourcecode.swift; path = OnboardingCollectionViewCell.swift; sourceTree = "<group>"; };
		CDC01D5F296E418800EE4D6C /* LoginViewController.swift */ = {isa = PBXFileReference; lastKnownFileType = sourcecode.swift; path = LoginViewController.swift; sourceTree = "<group>"; };
		CDC01D61296E419500EE4D6C /* CreateAccountViewController.swift */ = {isa = PBXFileReference; lastKnownFileType = sourcecode.swift; path = CreateAccountViewController.swift; sourceTree = "<group>"; };
		CDC01D65296E45EA00EE4D6C /* GoogleService-Info.plist */ = {isa = PBXFileReference; fileEncoding = 4; lastKnownFileType = text.plist.xml; path = "GoogleService-Info.plist"; sourceTree = "<group>"; };
		CDC01D6B296E4CB100EE4D6C /* Discover.storyboard */ = {isa = PBXFileReference; lastKnownFileType = file.storyboard; path = Discover.storyboard; sourceTree = "<group>"; };
		CDC01D70296E776600EE4D6C /* Resource.storyboard */ = {isa = PBXFileReference; lastKnownFileType = file.storyboard; path = Resource.storyboard; sourceTree = "<group>"; };
		CDC01D72296E777B00EE4D6C /* Message.storyboard */ = {isa = PBXFileReference; lastKnownFileType = file.storyboard; path = Message.storyboard; sourceTree = "<group>"; };
		CDC01D74296E778E00EE4D6C /* Profile.storyboard */ = {isa = PBXFileReference; lastKnownFileType = file.storyboard; path = Profile.storyboard; sourceTree = "<group>"; };
		CDF049D2297487D700379B8A /* BlogViewController.swift */ = {isa = PBXFileReference; lastKnownFileType = sourcecode.swift; path = BlogViewController.swift; sourceTree = "<group>"; };
/* End PBXFileReference section */

/* Begin PBXFrameworksBuildPhase section */
		CDC01D34296DC0A100EE4D6C /* Frameworks */ = {
			isa = PBXFrameworksBuildPhase;
			buildActionMask = 2147483647;
			files = (
				CDC01D69296E467E00EE4D6C /* FirebaseAuth in Frameworks */,
			);
			runOnlyForDeploymentPostprocessing = 0;
		};
/* End PBXFrameworksBuildPhase section */

/* Begin PBXGroup section */
		CDC01D2E296DC0A100EE4D6C = {
			isa = PBXGroup;
			children = (
				CDC01D39296DC0A100EE4D6C /* HERpedia 8.0 */,
				CDC01D38296DC0A100EE4D6C /* Products */,
			);
			sourceTree = "<group>";
		};
		CDC01D38296DC0A100EE4D6C /* Products */ = {
			isa = PBXGroup;
			children = (
				CDC01D37296DC0A100EE4D6C /* HERpedia 8.0.app */,
			);
			name = Products;
			sourceTree = "<group>";
		};
		CDC01D39296DC0A100EE4D6C /* HERpedia 8.0 */ = {
			isa = PBXGroup;
			children = (
				CDC01D57296DDCE100EE4D6C /* Extensions */,
				CDC01D53296DD72400EE4D6C /* Custom */,
				CDC01D52296DD71900EE4D6C /* Views */,
				CDC01D51296DD71200EE4D6C /* Models */,
				CDC01D3A296DC0A100EE4D6C /* AppDelegate.swift */,
				CDC01D3C296DC0A100EE4D6C /* SceneDelegate.swift */,
				CDC01D3E296DC0A100EE4D6C /* ViewController.swift */,
				CDC01D40296DC0A100EE4D6C /* Main.storyboard */,
				CDC01D46296DC0A400EE4D6C /* Assets.xcassets */,
				CDC01D48296DC0A400EE4D6C /* LaunchScreen.storyboard */,
				CDC01D4B296DC0A400EE4D6C /* Info.plist */,
				CDC01D43296DC0A100EE4D6C /* HERpedia_8_0.xcdatamodeld */,
				CDC01D65296E45EA00EE4D6C /* GoogleService-Info.plist */,
			);
			path = "HERpedia 8.0";
			sourceTree = "<group>";
		};
		CDC01D51296DD71200EE4D6C /* Models */ = {
			isa = PBXGroup;
			children = (
				CDC01D5A296DDDD900EE4D6C /* OnboardingSlide.swift */,
			);
			path = Models;
			sourceTree = "<group>";
		};
		CDC01D52296DD71900EE4D6C /* Views */ = {
			isa = PBXGroup;
			children = (
				CDC01D6F296E775800EE4D6C /* Profile */,
				CDC01D6E296E774E00EE4D6C /* Message */,
				CDC01D6D296E773B00EE4D6C /* Resource */,
				CDC01D6A296E4CA300EE4D6C /* Discover */,
				CDC01D5E296E415A00EE4D6C /* Auth */,
				CDC01D54296DD73700EE4D6C /* Onboarding */,
			);
			path = Views;
			sourceTree = "<group>";
		};
		CDC01D53296DD72400EE4D6C /* Custom */ = {
			isa = PBXGroup;
			children = (
				CD727063297962AB0013DB3B /* CardView.swift */,
			);
			path = Custom;
			sourceTree = "<group>";
		};
		CDC01D54296DD73700EE4D6C /* Onboarding */ = {
			isa = PBXGroup;
			children = (
				CDC01D55296DD75D00EE4D6C /* OnboardingViewController.swift */,
				CDC01D5C296DE20700EE4D6C /* OnboardingCollectionViewCell.swift */,
			);
			path = Onboarding;
			sourceTree = "<group>";
		};
		CDC01D57296DDCE100EE4D6C /* Extensions */ = {
			isa = PBXGroup;
			children = (
				CDC01D58296DDD0D00EE4D6C /* UIView+Extension.swift */,
			);
			path = Extensions;
			sourceTree = "<group>";
		};
		CDC01D5E296E415A00EE4D6C /* Auth */ = {
			isa = PBXGroup;
			children = (
				CDC01D5F296E418800EE4D6C /* LoginViewController.swift */,
				CDC01D61296E419500EE4D6C /* CreateAccountViewController.swift */,
			);
			path = Auth;
			sourceTree = "<group>";
		};
		CDC01D6A296E4CA300EE4D6C /* Discover */ = {
			isa = PBXGroup;
			children = (
				CDC01D6B296E4CB100EE4D6C /* Discover.storyboard */,
				CD6563F22973DFA600E3EE3A /* TableViewCell.swift */,
				CD6563F42973DFD400E3EE3A /* TableViewController.swift */,
				CD6563F62973E05900E3EE3A /* TableViewDetail.swift */,
				CD6563F82973E0A800E3EE3A /* Opportunity.swift */,
			);
			path = Discover;
			sourceTree = "<group>";
		};
		CDC01D6D296E773B00EE4D6C /* Resource */ = {
			isa = PBXGroup;
			children = (
				CDC01D70296E776600EE4D6C /* Resource.storyboard */,
				CDF049D2297487D700379B8A /* BlogViewController.swift */,
				CD7A1F3E2976CCBE0021855B /* QuestionViewController.swift */,
				CD7A1F402976CCD40021855B /* ResultsViewController.swift */,
				CD7A1F422976CCFA0021855B /* IntroductionViewController.swift */,
				CD7A1F442976DB940021855B /* QuestionData.swift */,
			);
			path = Resource;
			sourceTree = "<group>";
		};
		CDC01D6E296E774E00EE4D6C /* Message */ = {
			isa = PBXGroup;
			children = (
				CDC01D72296E777B00EE4D6C /* Message.storyboard */,
				CD7270652979922C0013DB3B /* StemForGoodViewController.swift */,
				CD72706729799B0D0013DB3B /* TechTipsViewController.swift */,
				CD72706929799C370013DB3B /* CareerChatViewController.swift */,
			);
			path = Message;
			sourceTree = "<group>";
		};
		CDC01D6F296E775800EE4D6C /* Profile */ = {
			isa = PBXGroup;
			children = (
				CDC01D74296E778E00EE4D6C /* Profile.storyboard */,
				CD2DEE792971B4AC00E4A22E /* ProfileViewController.swift */,
			);
			path = Profile;
			sourceTree = "<group>";
		};
/* End PBXGroup section */

/* Begin PBXNativeTarget section */
		CDC01D36296DC0A100EE4D6C /* HERpedia 8.0 */ = {
			isa = PBXNativeTarget;
			buildConfigurationList = CDC01D4E296DC0A400EE4D6C /* Build configuration list for PBXNativeTarget "HERpedia 8.0" */;
			buildPhases = (
				CDC01D33296DC0A100EE4D6C /* Sources */,
				CDC01D34296DC0A100EE4D6C /* Frameworks */,
				CDC01D35296DC0A100EE4D6C /* Resources */,
			);
			buildRules = (
			);
			dependencies = (
			);
			name = "HERpedia 8.0";
			packageProductDependencies = (
				CDC01D68296E467E00EE4D6C /* FirebaseAuth */,
			);
			productName = "HERpedia 8.0";
			productReference = CDC01D37296DC0A100EE4D6C /* HERpedia 8.0.app */;
			productType = "com.apple.product-type.application";
		};
/* End PBXNativeTarget section */

/* Begin PBXProject section */
		CDC01D2F296DC0A100EE4D6C /* Project object */ = {
			isa = PBXProject;
			attributes = {
				BuildIndependentTargetsInParallel = 1;
				LastSwiftUpdateCheck = 1420;
				LastUpgradeCheck = 1420;
				TargetAttributes = {
					CDC01D36296DC0A100EE4D6C = {
						CreatedOnToolsVersion = 14.2;
					};
				};
			};
			buildConfigurationList = CDC01D32296DC0A100EE4D6C /* Build configuration list for PBXProject "HERpedia 8.0" */;
			compatibilityVersion = "Xcode 14.0";
			developmentRegion = en;
			hasScannedForEncodings = 0;
			knownRegions = (
				en,
				Base,
			);
			mainGroup = CDC01D2E296DC0A100EE4D6C;
			packageReferences = (
				CDC01D67296E467E00EE4D6C /* XCRemoteSwiftPackageReference "firebase-ios-sdk" */,
			);
			productRefGroup = CDC01D38296DC0A100EE4D6C /* Products */;
			projectDirPath = "";
			projectRoot = "";
			targets = (
				CDC01D36296DC0A100EE4D6C /* HERpedia 8.0 */,
			);
		};
/* End PBXProject section */

/* Begin PBXResourcesBuildPhase section */
		CDC01D35296DC0A100EE4D6C /* Resources */ = {
			isa = PBXResourcesBuildPhase;
			buildActionMask = 2147483647;
			files = (
				CDC01D71296E776600EE4D6C /* Resource.storyboard in Resources */,
				CDC01D4A296DC0A400EE4D6C /* LaunchScreen.storyboard in Resources */,
				CDC01D75296E778F00EE4D6C /* Profile.storyboard in Resources */,
				CDC01D66296E45EA00EE4D6C /* GoogleService-Info.plist in Resources */,
				CDC01D6C296E4CB100EE4D6C /* Discover.storyboard in Resources */,
				CDC01D47296DC0A400EE4D6C /* Assets.xcassets in Resources */,
				CDC01D42296DC0A100EE4D6C /* Main.storyboard in Resources */,
				CDC01D73296E777B00EE4D6C /* Message.storyboard in Resources */,
			);
			runOnlyForDeploymentPostprocessing = 0;
		};
/* End PBXResourcesBuildPhase section */

/* Begin PBXSourcesBuildPhase section */
		CDC01D33296DC0A100EE4D6C /* Sources */ = {
			isa = PBXSourcesBuildPhase;
			buildActionMask = 2147483647;
			files = (
				CDC01D62296E419500EE4D6C /* CreateAccountViewController.swift in Sources */,
				CDC01D60296E418800EE4D6C /* LoginViewController.swift in Sources */,
				CD72706A29799C370013DB3B /* CareerChatViewController.swift in Sources */,
				CD7A1F412976CCD40021855B /* ResultsViewController.swift in Sources */,
				CD7A1F452976DB940021855B /* QuestionData.swift in Sources */,
				CD6563F52973DFD400E3EE3A /* TableViewController.swift in Sources */,
				CDC01D5B296DDDD900EE4D6C /* OnboardingSlide.swift in Sources */,
				CDC01D59296DDD0D00EE4D6C /* UIView+Extension.swift in Sources */,
				CD727064297962AB0013DB3B /* CardView.swift in Sources */,
				CD7270662979922C0013DB3B /* StemForGoodViewController.swift in Sources */,
				CDC01D3F296DC0A100EE4D6C /* ViewController.swift in Sources */,
				CDF049D3297487D700379B8A /* BlogViewController.swift in Sources */,
				CDC01D5D296DE20700EE4D6C /* OnboardingCollectionViewCell.swift in Sources */,
				CD7A1F3F2976CCBE0021855B /* QuestionViewController.swift in Sources */,
				CD2DEE7A2971B4AC00E4A22E /* ProfileViewController.swift in Sources */,
				CDC01D45296DC0A100EE4D6C /* HERpedia_8_0.xcdatamodeld in Sources */,
				CDC01D56296DD75D00EE4D6C /* OnboardingViewController.swift in Sources */,
				CD6563F32973DFA600E3EE3A /* TableViewCell.swift in Sources */,
				CDC01D3B296DC0A100EE4D6C /* AppDelegate.swift in Sources */,
				CD7A1F432976CCFA0021855B /* IntroductionViewController.swift in Sources */,
				CD6563F92973E0A800E3EE3A /* Opportunity.swift in Sources */,
				CD72706829799B0D0013DB3B /* TechTipsViewController.swift in Sources */,
				CD6563F72973E05900E3EE3A /* TableViewDetail.swift in Sources */,
				CDC01D3D296DC0A100EE4D6C /* SceneDelegate.swift in Sources */,
			);
			runOnlyForDeploymentPostprocessing = 0;
		};
/* End PBXSourcesBuildPhase section */

/* Begin PBXVariantGroup section */
		CDC01D40296DC0A100EE4D6C /* Main.storyboard */ = {
			isa = PBXVariantGroup;
			children = (
				CDC01D41296DC0A100EE4D6C /* Base */,
			);
			name = Main.storyboard;
			sourceTree = "<group>";
		};
		CDC01D48296DC0A400EE4D6C /* LaunchScreen.storyboard */ = {
			isa = PBXVariantGroup;
			children = (
				CDC01D49296DC0A400EE4D6C /* Base */,
			);
			name = LaunchScreen.storyboard;
			sourceTree = "<group>";
		};
/* End PBXVariantGroup section */

/* Begin XCBuildConfiguration section */
		CDC01D4C296DC0A400EE4D6C /* Debug */ = {
			isa = XCBuildConfiguration;
			buildSettings = {
				ALWAYS_SEARCH_USER_PATHS = NO;
				CLANG_ANALYZER_NONNULL = YES;
				CLANG_ANALYZER_NUMBER_OBJECT_CONVERSION = YES_AGGRESSIVE;
				CLANG_CXX_LANGUAGE_STANDARD = "gnu++20";
				CLANG_ENABLE_MODULES = YES;
				CLANG_ENABLE_OBJC_ARC = YES;
				CLANG_ENABLE_OBJC_WEAK = YES;
				CLANG_WARN_BLOCK_CAPTURE_AUTORELEASING = YES;
				CLANG_WARN_BOOL_CONVERSION = YES;
				CLANG_WARN_COMMA = YES;
				CLANG_WARN_CONSTANT_CONVERSION = YES;
				CLANG_WARN_DEPRECATED_OBJC_IMPLEMENTATIONS = YES;
				CLANG_WARN_DIRECT_OBJC_ISA_USAGE = YES_ERROR;
				CLANG_WARN_DOCUMENTATION_COMMENTS = YES;
				CLANG_WARN_EMPTY_BODY = YES;
				CLANG_WARN_ENUM_CONVERSION = YES;
				CLANG_WARN_INFINITE_RECURSION = YES;
				CLANG_WARN_INT_CONVERSION = YES;
				CLANG_WARN_NON_LITERAL_NULL_CONVERSION = YES;
				CLANG_WARN_OBJC_IMPLICIT_RETAIN_SELF = YES;
				CLANG_WARN_OBJC_LITERAL_CONVERSION = YES;
				CLANG_WARN_OBJC_ROOT_CLASS = YES_ERROR;
				CLANG_WARN_QUOTED_INCLUDE_IN_FRAMEWORK_HEADER = YES;
				CLANG_WARN_RANGE_LOOP_ANALYSIS = YES;
				CLANG_WARN_STRICT_PROTOTYPES = YES;
				CLANG_WARN_SUSPICIOUS_MOVE = YES;
				CLANG_WARN_UNGUARDED_AVAILABILITY = YES_AGGRESSIVE;
				CLANG_WARN_UNREACHABLE_CODE = YES;
				CLANG_WARN__DUPLICATE_METHOD_MATCH = YES;
				COPY_PHASE_STRIP = NO;
				DEBUG_INFORMATION_FORMAT = dwarf;
				ENABLE_STRICT_OBJC_MSGSEND = YES;
				ENABLE_TESTABILITY = YES;
				GCC_C_LANGUAGE_STANDARD = gnu11;
				GCC_DYNAMIC_NO_PIC = NO;
				GCC_NO_COMMON_BLOCKS = YES;
				GCC_OPTIMIZATION_LEVEL = 0;
				GCC_PREPROCESSOR_DEFINITIONS = (
					"DEBUG=1",
					"$(inherited)",
				);
				GCC_WARN_64_TO_32_BIT_CONVERSION = YES;
				GCC_WARN_ABOUT_RETURN_TYPE = YES_ERROR;
				GCC_WARN_UNDECLARED_SELECTOR = YES;
				GCC_WARN_UNINITIALIZED_AUTOS = YES_AGGRESSIVE;
				GCC_WARN_UNUSED_FUNCTION = YES;
				GCC_WARN_UNUSED_VARIABLE = YES;
				IPHONEOS_DEPLOYMENT_TARGET = 16.2;
				MTL_ENABLE_DEBUG_INFO = INCLUDE_SOURCE;
				MTL_FAST_MATH = YES;
				ONLY_ACTIVE_ARCH = YES;
				SDKROOT = iphoneos;
				SWIFT_ACTIVE_COMPILATION_CONDITIONS = DEBUG;
				SWIFT_OPTIMIZATION_LEVEL = "-Onone";
			};
			name = Debug;
		};
		CDC01D4D296DC0A400EE4D6C /* Release */ = {
			isa = XCBuildConfiguration;
			buildSettings = {
				ALWAYS_SEARCH_USER_PATHS = NO;
				CLANG_ANALYZER_NONNULL = YES;
				CLANG_ANALYZER_NUMBER_OBJECT_CONVERSION = YES_AGGRESSIVE;
				CLANG_CXX_LANGUAGE_STANDARD = "gnu++20";
				CLANG_ENABLE_MODULES = YES;
				CLANG_ENABLE_OBJC_ARC = YES;
				CLANG_ENABLE_OBJC_WEAK = YES;
				CLANG_WARN_BLOCK_CAPTURE_AUTORELEASING = YES;
				CLANG_WARN_BOOL_CONVERSION = YES;
				CLANG_WARN_COMMA = YES;
				CLANG_WARN_CONSTANT_CONVERSION = YES;
				CLANG_WARN_DEPRECATED_OBJC_IMPLEMENTATIONS = YES;
				CLANG_WARN_DIRECT_OBJC_ISA_USAGE = YES_ERROR;
				CLANG_WARN_DOCUMENTATION_COMMENTS = YES;
				CLANG_WARN_EMPTY_BODY = YES;
				CLANG_WARN_ENUM_CONVERSION = YES;
				CLANG_WARN_INFINITE_RECURSION = YES;
				CLANG_WARN_INT_CONVERSION = YES;
				CLANG_WARN_NON_LITERAL_NULL_CONVERSION = YES;
				CLANG_WARN_OBJC_IMPLICIT_RETAIN_SELF = YES;
				CLANG_WARN_OBJC_LITERAL_CONVERSION = YES;
				CLANG_WARN_OBJC_ROOT_CLASS = YES_ERROR;
				CLANG_WARN_QUOTED_INCLUDE_IN_FRAMEWORK_HEADER = YES;
				CLANG_WARN_RANGE_LOOP_ANALYSIS = YES;
				CLANG_WARN_STRICT_PROTOTYPES = YES;
				CLANG_WARN_SUSPICIOUS_MOVE = YES;
				CLANG_WARN_UNGUARDED_AVAILABILITY = YES_AGGRESSIVE;
				CLANG_WARN_UNREACHABLE_CODE = YES;
				CLANG_WARN__DUPLICATE_METHOD_MATCH = YES;
				COPY_PHASE_STRIP = NO;
				DEBUG_INFORMATION_FORMAT = "dwarf-with-dsym";
				ENABLE_NS_ASSERTIONS = NO;
				ENABLE_STRICT_OBJC_MSGSEND = YES;
				GCC_C_LANGUAGE_STANDARD = gnu11;
				GCC_NO_COMMON_BLOCKS = YES;
				GCC_WARN_64_TO_32_BIT_CONVERSION = YES;
				GCC_WARN_ABOUT_RETURN_TYPE = YES_ERROR;
				GCC_WARN_UNDECLARED_SELECTOR = YES;
				GCC_WARN_UNINITIALIZED_AUTOS = YES_AGGRESSIVE;
				GCC_WARN_UNUSED_FUNCTION = YES;
				GCC_WARN_UNUSED_VARIABLE = YES;
				IPHONEOS_DEPLOYMENT_TARGET = 16.2;
				MTL_ENABLE_DEBUG_INFO = NO;
				MTL_FAST_MATH = YES;
				SDKROOT = iphoneos;
				SWIFT_COMPILATION_MODE = wholemodule;
				SWIFT_OPTIMIZATION_LEVEL = "-O";
				VALIDATE_PRODUCT = YES;
			};
			name = Release;
		};
		CDC01D4F296DC0A400EE4D6C /* Debug */ = {
			isa = XCBuildConfiguration;
			buildSettings = {
				ASSETCATALOG_COMPILER_APPICON_NAME = AppIcon;
				ASSETCATALOG_COMPILER_GLOBAL_ACCENT_COLOR_NAME = AccentColor;
				CODE_SIGN_STYLE = Automatic;
				CURRENT_PROJECT_VERSION = 1;
				DEVELOPMENT_TEAM = 446CN9HD9Y;
				GENERATE_INFOPLIST_FILE = YES;
				INFOPLIST_FILE = "HERpedia 8.0/Info.plist";
				INFOPLIST_KEY_UIApplicationSupportsIndirectInputEvents = YES;
				INFOPLIST_KEY_UILaunchStoryboardName = LaunchScreen.storyboard;
				INFOPLIST_KEY_UIMainStoryboardFile = Main;
				INFOPLIST_KEY_UISupportedInterfaceOrientations_iPad = "UIInterfaceOrientationPortrait UIInterfaceOrientationPortraitUpsideDown UIInterfaceOrientationLandscapeLeft UIInterfaceOrientationLandscapeRight";
				INFOPLIST_KEY_UISupportedInterfaceOrientations_iPhone = "UIInterfaceOrientationPortrait UIInterfaceOrientationLandscapeLeft UIInterfaceOrientationLandscapeRight";
				LD_RUNPATH_SEARCH_PATHS = (
					"$(inherited)",
					"@executable_path/Frameworks",
				);
				MARKETING_VERSION = 1.0;
				PRODUCT_BUNDLE_IDENTIFIER = "com.ZZPersonalProject.HERpedia-8-0";
				PRODUCT_NAME = "$(TARGET_NAME)";
				SWIFT_EMIT_LOC_STRINGS = YES;
				SWIFT_VERSION = 5.0;
				TARGETED_DEVICE_FAMILY = "1,2";
			};
			name = Debug;
		};
		CDC01D50296DC0A400EE4D6C /* Release */ = {
			isa = XCBuildConfiguration;
			buildSettings = {
				ASSETCATALOG_COMPILER_APPICON_NAME = AppIcon;
				ASSETCATALOG_COMPILER_GLOBAL_ACCENT_COLOR_NAME = AccentColor;
				CODE_SIGN_STYLE = Automatic;
				CURRENT_PROJECT_VERSION = 1;
				DEVELOPMENT_TEAM = 446CN9HD9Y;
				GENERATE_INFOPLIST_FILE = YES;
				INFOPLIST_FILE = "HERpedia 8.0/Info.plist";
				INFOPLIST_KEY_UIApplicationSupportsIndirectInputEvents = YES;
				INFOPLIST_KEY_UILaunchStoryboardName = LaunchScreen.storyboard;
				INFOPLIST_KEY_UIMainStoryboardFile = Main;
				INFOPLIST_KEY_UISupportedInterfaceOrientations_iPad = "UIInterfaceOrientationPortrait UIInterfaceOrientationPortraitUpsideDown UIInterfaceOrientationLandscapeLeft UIInterfaceOrientationLandscapeRight";
				INFOPLIST_KEY_UISupportedInterfaceOrientations_iPhone = "UIInterfaceOrientationPortrait UIInterfaceOrientationLandscapeLeft UIInterfaceOrientationLandscapeRight";
				LD_RUNPATH_SEARCH_PATHS = (
					"$(inherited)",
					"@executable_path/Frameworks",
				);
				MARKETING_VERSION = 1.0;
				PRODUCT_BUNDLE_IDENTIFIER = "com.ZZPersonalProject.HERpedia-8-0";
				PRODUCT_NAME = "$(TARGET_NAME)";
				SWIFT_EMIT_LOC_STRINGS = YES;
				SWIFT_VERSION = 5.0;
				TARGETED_DEVICE_FAMILY = "1,2";
			};
			name = Release;
		};
/* End XCBuildConfiguration section */

/* Begin XCConfigurationList section */
		CDC01D32296DC0A100EE4D6C /* Build configuration list for PBXProject "HERpedia 8.0" */ = {
			isa = XCConfigurationList;
			buildConfigurations = (
				CDC01D4C296DC0A400EE4D6C /* Debug */,
				CDC01D4D296DC0A400EE4D6C /* Release */,
			);
			defaultConfigurationIsVisible = 0;
			defaultConfigurationName = Release;
		};
		CDC01D4E296DC0A400EE4D6C /* Build configuration list for PBXNativeTarget "HERpedia 8.0" */ = {
			isa = XCConfigurationList;
			buildConfigurations = (
				CDC01D4F296DC0A400EE4D6C /* Debug */,
				CDC01D50296DC0A400EE4D6C /* Release */,
			);
			defaultConfigurationIsVisible = 0;
			defaultConfigurationName = Release;
		};
/* End XCConfigurationList section */

/* Begin XCRemoteSwiftPackageReference section */
		CDC01D67296E467E00EE4D6C /* XCRemoteSwiftPackageReference "firebase-ios-sdk" */ = {
			isa = XCRemoteSwiftPackageReference;
			repositoryURL = "https://github.com/firebase/firebase-ios-sdk";
			requirement = {
				kind = upToNextMajorVersion;
				minimumVersion = 9.0.0;
			};
		};
/* End XCRemoteSwiftPackageReference section */

/* Begin XCSwiftPackageProductDependency section */
		CDC01D68296E467E00EE4D6C /* FirebaseAuth */ = {
			isa = XCSwiftPackageProductDependency;
			package = CDC01D67296E467E00EE4D6C /* XCRemoteSwiftPackageReference "firebase-ios-sdk" */;
			productName = FirebaseAuth;
		};
/* End XCSwiftPackageProductDependency section */

/* Begin XCVersionGroup section */
		CDC01D43296DC0A100EE4D6C /* HERpedia_8_0.xcdatamodeld */ = {
			isa = XCVersionGroup;
			children = (
				CDC01D44296DC0A100EE4D6C /* HERpedia_8_0.xcdatamodel */,
			);
			currentVersion = CDC01D44296DC0A100EE4D6C /* HERpedia_8_0.xcdatamodel */;
			path = HERpedia_8_0.xcdatamodeld;
			sourceTree = "<group>";
			versionGroupType = wrapper.xcdatamodel;
		};
/* End XCVersionGroup section */
	};
	rootObject = CDC01D2F296DC0A100EE4D6C /* Project object */;
}
